# Authoritative release-preparation input for Python >=3.11.
# Platform wheel hashes are emitted into each prepared bundle's requirements.txt.
PyYAML==6.0.3
cryptography==48.0.0
jsonschema==4.26.0
pyserial==3.5
cffi==2.0.0
pycparser==3.0
attrs==26.1.0
jsonschema-specifications==2025.9.1
referencing==0.37.0
rpds-py==2026.5.1
typing-extensions==4.15.0
